
Microsoft Visual Studio Solution File, Format Version 12.00
# Visual Studio Version 16
VisualStudioVersion = 16.0.30225.117
MinimumVisualStudioVersion = 10.0.40219.1
Project("{F184B08F-C81C-45F6-A57F-5ABD9991F28F}") = "GridCine", "Bilheteria\GridCine.vbproj", "{6FF00294-450E-4A98-9CEA-8D1C0B313B10}"
EndProject
Global
	GlobalSection(SolutionConfigurationPlatforms) = preSolution
		Debug|Any CPU = Debug|Any CPU
		Release|Any CPU = Release|Any CPU
	EndGlobalSection
	GlobalSection(ProjectConfigurationPlatforms) = postSolution
		{6FF00294-450E-4A98-9CEA-8D1C0B313B10}.Debug|Any CPU.ActiveCfg = Debug|Any CPU
		{6FF00294-450E-4A98-9CEA-8D1C0B313B10}.Debug|Any CPU.Build.0 = Debug|Any CPU
		{6FF00294-450E-4A98-9CEA-8D1C0B313B10}.Release|Any CPU.ActiveCfg = Release|Any CPU
		{6FF00294-450E-4A98-9CEA-8D1C0B313B10}.Release|Any CPU.Build.0 = Release|Any CPU
	EndGlobalSection
	GlobalSection(SolutionProperties) = preSolution
		HideSolutionNode = FALSE
	EndGlobalSection
	GlobalSection(ExtensibilityGlobals) = postSolution
		SolutionGuid = {6BACBE3F-E75A-4A62-B33F-E86BDA8EF2E3}
	EndGlobalSection
EndGlobal
